
Microsoft Visual Studio Solution File, Format Version 12.00
# Visual Studio Version 17
VisualStudioVersion = 17.11.35219.272
MinimumVisualStudioVersion = 10.0.40219.1
Project("{FAE04EC0-301F-11D3-BF4B-00C04F79EFBC}") = "GestionDeCursos.Web", "GestionDeCursos.Web\GestionDeCursos.Web.csproj", "{CD46D85D-B5E8-4C0A-8926-30511788EE38}"
EndProject
Project("{FAE04EC0-301F-11D3-BF4B-00C04F79EFBC}") = "GestionDeCursos.Data", "GestionDeCursos.Data\GestionDeCursos.Data.csproj", "{AA37B053-EA85-49F8-BD28-3D82AB7CA79C}"
EndProject
Global
	GlobalSection(SolutionConfigurationPlatforms) = preSolution
		Debug|Any CPU = Debug|Any CPU
		Release|Any CPU = Release|Any CPU
	EndGlobalSection
	GlobalSection(ProjectConfigurationPlatforms) = postSolution
		{CD46D85D-B5E8-4C0A-8926-30511788EE38}.Debug|Any CPU.ActiveCfg = Debug|Any CPU
		{CD46D85D-B5E8-4C0A-8926-30511788EE38}.Debug|Any CPU.Build.0 = Debug|Any CPU
		{CD46D85D-B5E8-4C0A-8926-30511788EE38}.Release|Any CPU.ActiveCfg = Release|Any CPU
		{CD46D85D-B5E8-4C0A-8926-30511788EE38}.Release|Any CPU.Build.0 = Release|Any CPU
		{AA37B053-EA85-49F8-BD28-3D82AB7CA79C}.Debug|Any CPU.ActiveCfg = Debug|Any CPU
		{AA37B053-EA85-49F8-BD28-3D82AB7CA79C}.Debug|Any CPU.Build.0 = Debug|Any CPU
		{AA37B053-EA85-49F8-BD28-3D82AB7CA79C}.Release|Any CPU.ActiveCfg = Release|Any CPU
		{AA37B053-EA85-49F8-BD28-3D82AB7CA79C}.Release|Any CPU.Build.0 = Release|Any CPU
	EndGlobalSection
	GlobalSection(SolutionProperties) = preSolution
		HideSolutionNode = FALSE
	EndGlobalSection
	GlobalSection(ExtensibilityGlobals) = postSolution
		SolutionGuid = {63E4A5BE-0E61-4C1B-92B9-19D900148E13}
	EndGlobalSection
EndGlobal
